
Microsoft Visual Studio Solution File, Format Version 12.00
# Visual Studio 15
VisualStudioVersion = 15.0.28010.2036
MinimumVisualStudioVersion = 10.0.40219.1
Project("{FAE04EC0-301F-11D3-BF4B-00C04F79EFBC}") = "Sgs.Attendance.Model", "Sgs.Attendance.Model\Sgs.Attendance.Model.csproj", "{8EB599A4-B53F-4A62-8D1E-2A0FF32F510D}"
EndProject
Project("{FAE04EC0-301F-11D3-BF4B-00C04F79EFBC}") = "Sgs.Attendance.BusinessLogic", "Sgs.Attendance.BusinessLogic\Sgs.Attendance.BusinessLogic.csproj", "{F75F10D9-86B1-4017-B0C6-3DF47DBF5055}"
EndProject
Project("{FAE04EC0-301F-11D3-BF4B-00C04F79EFBC}") = "Sgs.Attendance.DataAccess", "Sgs.Attendance.DataAccess\Sgs.Attendance.DataAccess.csproj", "{2C061BF8-164E-41DD-B64A-50F8331C1BCB}"
EndProject
Project("{FAE04EC0-301F-11D3-BF4B-00C04F79EFBC}") = "Sgs.Attendance.Api", "Sgs.Attendance.Api\Sgs.Attendance.Api.csproj", "{C423F325-BBF1-4B81-BB55-BD41BF10590F}"
EndProject
Project("{FAE04EC0-301F-11D3-BF4B-00C04F79EFBC}") = "Sgs.Attendance.Mvc", "Sgs.Attendance.Mvc\Sgs.Attendance.Mvc.csproj", "{90A6F90A-4FF9-4CFD-B180-45F2BF2C58C6}"
EndProject
Project("{2150E333-8FDC-42A3-9474-1A3956D46DE8}") = "Core", "Core", "{DDE1B629-893E-4A2D-9E64-FAF1E8C6197A}"
EndProject
Global
	GlobalSection(SolutionConfigurationPlatforms) = preSolution
		Debug|Any CPU = Debug|Any CPU
		Release|Any CPU = Release|Any CPU
	EndGlobalSection
	GlobalSection(ProjectConfigurationPlatforms) = postSolution
		{8EB599A4-B53F-4A62-8D1E-2A0FF32F510D}.Debug|Any CPU.ActiveCfg = Debug|Any CPU
		{8EB599A4-B53F-4A62-8D1E-2A0FF32F510D}.Debug|Any CPU.Build.0 = Debug|Any CPU
		{8EB599A4-B53F-4A62-8D1E-2A0FF32F510D}.Release|Any CPU.ActiveCfg = Release|Any CPU
		{8EB599A4-B53F-4A62-8D1E-2A0FF32F510D}.Release|Any CPU.Build.0 = Release|Any CPU
		{F75F10D9-86B1-4017-B0C6-3DF47DBF5055}.Debug|Any CPU.ActiveCfg = Debug|Any CPU
		{F75F10D9-86B1-4017-B0C6-3DF47DBF5055}.Debug|Any CPU.Build.0 = Debug|Any CPU
		{F75F10D9-86B1-4017-B0C6-3DF47DBF5055}.Release|Any CPU.ActiveCfg = Release|Any CPU
		{F75F10D9-86B1-4017-B0C6-3DF47DBF5055}.Release|Any CPU.Build.0 = Release|Any CPU
		{2C061BF8-164E-41DD-B64A-50F8331C1BCB}.Debug|Any CPU.ActiveCfg = Debug|Any CPU
		{2C061BF8-164E-41DD-B64A-50F8331C1BCB}.Debug|Any CPU.Build.0 = Debug|Any CPU
		{2C061BF8-164E-41DD-B64A-50F8331C1BCB}.Release|Any CPU.ActiveCfg = Release|Any CPU
		{2C061BF8-164E-41DD-B64A-50F8331C1BCB}.Release|Any CPU.Build.0 = Release|Any CPU
		{C423F325-BBF1-4B81-BB55-BD41BF10590F}.Debug|Any CPU.ActiveCfg = Debug|Any CPU
		{C423F325-BBF1-4B81-BB55-BD41BF10590F}.Debug|Any CPU.Build.0 = Debug|Any CPU
		{C423F325-BBF1-4B81-BB55-BD41BF10590F}.Release|Any CPU.ActiveCfg = Release|Any CPU
		{C423F325-BBF1-4B81-BB55-BD41BF10590F}.Release|Any CPU.Build.0 = Release|Any CPU
		{90A6F90A-4FF9-4CFD-B180-45F2BF2C58C6}.Debug|Any CPU.ActiveCfg = Debug|Any CPU
		{90A6F90A-4FF9-4CFD-B180-45F2BF2C58C6}.Debug|Any CPU.Build.0 = Debug|Any CPU
		{90A6F90A-4FF9-4CFD-B180-45F2BF2C58C6}.Release|Any CPU.ActiveCfg = Release|Any CPU
		{90A6F90A-4FF9-4CFD-B180-45F2BF2C58C6}.Release|Any CPU.Build.0 = Release|Any CPU
	EndGlobalSection
	GlobalSection(SolutionProperties) = preSolution
		HideSolutionNode = FALSE
	EndGlobalSection
	GlobalSection(NestedProjects) = preSolution
		{8EB599A4-B53F-4A62-8D1E-2A0FF32F510D} = {DDE1B629-893E-4A2D-9E64-FAF1E8C6197A}
		{F75F10D9-86B1-4017-B0C6-3DF47DBF5055} = {DDE1B629-893E-4A2D-9E64-FAF1E8C6197A}
		{2C061BF8-164E-41DD-B64A-50F8331C1BCB} = {DDE1B629-893E-4A2D-9E64-FAF1E8C6197A}
	EndGlobalSection
	GlobalSection(ExtensibilityGlobals) = postSolution
		SolutionGuid = {9105DD4B-46EC-4E4E-A2CF-161C5568A06A}
	EndGlobalSection
EndGlobal
